{
  "pins" : [
    {
      "identity" : "swift-tensorflowlite-spm",
      "kind" : "remoteSourceControl",
      "location" : "git@github.com:ivalx1s/swift-tensorflowlite-spm.git",
      "state" : {
        "revision" : "846d7b7ec3f663834ec60a2e40fb9254c73a29cc",
        "version" : "2.7.0"
      }
    }
  ],
  "version" : 2
}
