{
  "pins" : [
    {
      "identity" : "swift-tensorflowlite-spm",
      "kind" : "remoteSourceControl",
      "location" : "git@github.com:ivalx1s/swift-tensorflowlite-spm.git",
      "state" : {
        "revision" : "9aadcfd82bd014bc3f6a3b86f310f86a5b06d397",
        "version" : "2.7.0"
      }
    }
  ],
  "version" : 2
}
