{
  "pins" : [
    {
      "identity" : "c-tensorflowlite-spm",
      "kind" : "remoteSourceControl",
      "location" : "git@github.com:ivalx1s/c-tensorflowlite-spm.git",
      "state" : {
        "revision" : "77cd883276765b47a70cac6a3d51c6a9a5da7ae4",
        "version" : "2.7.0"
      }
    },
    {
      "identity" : "swift-tensorflowlite-spm",
      "kind" : "remoteSourceControl",
      "location" : "git@github.com:ivalx1s/swift-tensorflowlite-spm.git",
      "state" : {
        "revision" : "1b5710e81fea581c1daad97cf3bc502c045f0933",
        "version" : "2.7.0"
      }
    }
  ],
  "version" : 2
}
